{
  "name": "gitpunch-scripts",
  "version": "1.0.0",
  "lockfileVersion": 1,
  "requires": true,
  "dependencies": {
    "bson": {
      "version": "1.1.1",
      "resolved": "https://registry.npmjs.org/bson/-/bson-1.1.1.tgz",
      "integrity": "sha512-jCGVYLoYMHDkOsbwJZBCqwMHyH4c+wzgI9hG7Z6SZJRXWr+x58pdIbm2i9a/jFGCkRJqRUr8eoI7lDWa0hTkxg=="
    },
    "gitpunch-lib": {
      "version": "1.13.0",
      "requires": {
        "mongodb": "^3.1.13",
        "mongoose": "^5.6.8",
        "node-fetch": "2.6.0"
      },
      "dependencies": {
        "@types/bson": {
          "version": "4.0.0",
          "resolved": "https://registry.npmjs.org/@types/bson/-/bson-4.0.0.tgz",
          "integrity": "sha512-pq/rqJwJWkbS10crsG5bgnrisL8pML79KlMKQMoQwLUjlPAkrUHMvHJ3oGwE7WHR61Lv/nadMwXVAD2b+fpD8Q==",
          "requires": {
            "@types/node": "*"
          }
        },
        "@types/chai": {
          "version": "4.1.3",
          "resolved": "https://registry.npmjs.org/@types/chai/-/chai-4.1.3.tgz",
          "integrity": "sha512-f5dXGzOJycyzSMdaXVhiBhauL4dYydXwVpavfQ1mVCaGjR56a9QfklXObUxlIY9bGTmCPHEEZ04I16BZ/8w5ww=="
        },
        "@types/mocha": {
          "version": "5.2.0",
          "resolved": "https://registry.npmjs.org/@types/mocha/-/mocha-5.2.0.tgz",
          "integrity": "sha512-YeDiSEzznwZwwp766SJ6QlrTyBYUGPSIwmREHVTmktUYiT/WADdWtpt9iH0KuUSf8lZLdI4lP0X6PBzPo5//JQ=="
        },
        "@types/mongodb": {
          "version": "3.1.31",
          "resolved": "https://registry.npmjs.org/@types/mongodb/-/mongodb-3.1.31.tgz",
          "integrity": "sha512-0l6z2ARkyAkgdtzF/Hqx3cRoADDQK/7VHvESikhLXjanSpIo1EJt2JL4NpM+jIqLWzn5P1IxRBSIIOqs5ZKBOQ==",
          "requires": {
            "@types/bson": "*",
            "@types/node": "*"
          }
        },
        "@types/mongoose": {
          "version": "5.5.12",
          "resolved": "https://registry.npmjs.org/@types/mongoose/-/mongoose-5.5.12.tgz",
          "integrity": "sha512-41TDORylr6M9Kytli/Qry28cQjD919+w+jHNR9rca95xH1/joNLUkLg9okKJ1I4mIR6Af28ESjBssed7RKElVA==",
          "requires": {
            "@types/mongodb": "*",
            "@types/node": "*"
          }
        },
        "@types/nock": {
          "version": "9.1.3",
          "resolved": "https://registry.npmjs.org/@types/nock/-/nock-9.1.3.tgz",
          "integrity": "sha512-S8rJ+SaW82ICX87pZP62UcMifrMfjEdqNzSp+llx4YcvKw6bO650Ye6HwTqER1Dar3S40GIZECQisOrAICDCjA==",
          "requires": {
            "@types/node": "*"
          }
        },
        "@types/node": {
          "version": "9.6.5",
          "resolved": "https://registry.npmjs.org/@types/node/-/node-9.6.5.tgz",
          "integrity": "sha512-NOLEgsT6UiDTjnWG5Hd2Mg25LRyz/oe8ql3wbjzgSFeRzRROhPmtlsvIrei4B46UjERF0td9SZ1ZXPLOdcrBHg=="
        },
        "@types/node-fetch": {
          "version": "1.6.8",
          "resolved": "https://registry.npmjs.org/@types/node-fetch/-/node-fetch-1.6.8.tgz",
          "integrity": "sha512-O8DUwXf7KUBu036HAbF5RKRaA1vvE0BsaPfAnC9YD7Xy4eNoJmNIdEjBIEEHAVszozRgH4m9JnVCsueSKiKXMA==",
          "requires": {
            "@types/node": "*"
          }
        },
        "ansi-styles": {
          "version": "3.2.1",
          "resolved": "https://registry.npmjs.org/ansi-styles/-/ansi-styles-3.2.1.tgz",
          "integrity": "sha512-VT0ZI6kZRdTh8YyJw3SMbYm/u+NqfsAxEpWO0Pf9sq8/e94WxxOpPKx9FR1FlyCtOVDNOQ+8ntlqFxiRc+r5qA==",
          "requires": {
            "color-convert": "^1.9.0"
          }
        },
        "arrify": {
          "version": "1.0.1",
          "resolved": "https://registry.npmjs.org/arrify/-/arrify-1.0.1.tgz",
          "integrity": "sha1-iYUI2iIm84DfkEcoRWhJwVAaSw0="
        },
        "assertion-error": {
          "version": "1.1.0",
          "resolved": "https://registry.npmjs.org/assertion-error/-/assertion-error-1.1.0.tgz",
          "integrity": "sha512-jgsaNduz+ndvGyFt3uSuWqvy4lCnIJiovtouQN5JZHOKCS2QuhEdbcQHFhVksz2N2U9hXJo8odG7ETyWlEeuDw=="
        },
        "async": {
          "version": "2.6.2",
          "resolved": "https://registry.npmjs.org/async/-/async-2.6.2.tgz",
          "integrity": "sha512-H1qVYh1MYhEEFLsP97cVKqCGo7KfCyTt6uEWqsTBr9SO84oK9Uwbyd/yCW+6rKJLHksBNUVWZDAjfS+Ccx0Bbg==",
          "requires": {
            "lodash": "^4.17.11"
          }
        },
        "balanced-match": {
          "version": "1.0.0",
          "resolved": "https://registry.npmjs.org/balanced-match/-/balanced-match-1.0.0.tgz",
          "integrity": "sha1-ibTRmasr7kneFk6gK4nORi1xt2c="
        },
        "bluebird": {
          "version": "3.5.1",
          "resolved": "https://registry.npmjs.org/bluebird/-/bluebird-3.5.1.tgz",
          "integrity": "sha512-MKiLiV+I1AA596t9w1sQJ8jkiSr5+ZKi0WKrYGUn6d1Fx+Ij4tIj+m2WMQSGczs5jZVxV339chE8iwk6F64wjA=="
        },
        "brace-expansion": {
          "version": "1.1.11",
          "resolved": "https://registry.npmjs.org/brace-expansion/-/brace-expansion-1.1.11.tgz",
          "integrity": "sha512-iCuPHDFgrHX7H2vEI/5xpz07zSHB00TpugqhmYtVmMO6518mCuRMoOYFldEBl0g187ufozdaHgWKcYFb61qGiA==",
          "requires": {
            "balanced-match": "^1.0.0",
            "concat-map": "0.0.1"
          }
        },
        "browser-stdout": {
          "version": "1.3.1",
          "resolved": "https://registry.npmjs.org/browser-stdout/-/browser-stdout-1.3.1.tgz",
          "integrity": "sha512-qhAVI1+Av2X7qelOfAIYwXONood6XlZE/fXaBSmW/T5SzLAmCgzi+eiWE7fUvbHaeNBQH13UftjpXxsfLkMpgw=="
        },
        "bson": {
          "version": "1.1.1",
          "resolved": "https://registry.npmjs.org/bson/-/bson-1.1.1.tgz",
          "integrity": "sha512-jCGVYLoYMHDkOsbwJZBCqwMHyH4c+wzgI9hG7Z6SZJRXWr+x58pdIbm2i9a/jFGCkRJqRUr8eoI7lDWa0hTkxg=="
        },
        "chai": {
          "version": "4.1.2",
          "resolved": "https://registry.npmjs.org/chai/-/chai-4.1.2.tgz",
          "integrity": "sha1-D2RYS6ZC8PKs4oBiefTwbKI61zw=",
          "requires": {
            "assertion-error": "^1.0.1",
            "check-error": "^1.0.1",
            "deep-eql": "^3.0.0",
            "get-func-name": "^2.0.0",
            "pathval": "^1.0.0",
            "type-detect": "^4.0.0"
          }
        },
        "chalk": {
          "version": "2.4.0",
          "resolved": "https://registry.npmjs.org/chalk/-/chalk-2.4.0.tgz",
          "integrity": "sha512-Wr/w0f4o9LuE7K53cD0qmbAMM+2XNLzR29vFn5hqko4sxGlUsyy363NvmyGIyk5tpe9cjTr9SJYbysEyPkRnFw==",
          "requires": {
            "ansi-styles": "^3.2.1",
            "escape-string-regexp": "^1.0.5",
            "supports-color": "^5.3.0"
          },
          "dependencies": {
            "has-flag": {
              "version": "3.0.0",
              "resolved": "https://registry.npmjs.org/has-flag/-/has-flag-3.0.0.tgz",
              "integrity": "sha1-tdRU3CGZriJWmfNGfloH87lVuv0="
            },
            "supports-color": {
              "version": "5.4.0",
              "resolved": "https://registry.npmjs.org/supports-color/-/supports-color-5.4.0.tgz",
              "integrity": "sha512-zjaXglF5nnWpsq470jSv6P9DwPvgLkuapYmfDm3JWOm0vkNTVF2tI4UrN2r6jH1qM/uc/WtxYY1hYoA2dOKj5w==",
              "requires": {
                "has-flag": "^3.0.0"
              }
            }
          }
        },
        "check-error": {
          "version": "1.0.2",
          "resolved": "https://registry.npmjs.org/check-error/-/check-error-1.0.2.tgz",
          "integrity": "sha1-V00xLt2Iu13YkS6Sht1sCu1KrII="
        },
        "color-convert": {
          "version": "1.9.1",
          "resolved": "https://registry.npmjs.org/color-convert/-/color-convert-1.9.1.tgz",
          "integrity": "sha512-mjGanIiwQJskCC18rPR6OmrZ6fm2Lc7PeGFYwCmy5J34wC6F1PzdGL6xeMfmgicfYcNLGuVFA3WzXtIDCQSZxQ==",
          "requires": {
            "color-name": "^1.1.1"
          }
        },
        "color-name": {
          "version": "1.1.3",
          "resolved": "https://registry.npmjs.org/color-name/-/color-name-1.1.3.tgz",
          "integrity": "sha1-p9BVi9icQveV3UIyj3QIMcpTvCU="
        },
        "commander": {
          "version": "2.11.0",
          "resolved": "https://registry.npmjs.org/commander/-/commander-2.11.0.tgz",
          "integrity": "sha512-b0553uYA5YAEGgyYIGYROzKQ7X5RAqedkfjiZxwi0kL1g3bOaBNNZfYkzt/CL0umgD5wc9Jec2FbB98CjkMRvQ=="
        },
        "concat-map": {
          "version": "0.0.1",
          "resolved": "https://registry.npmjs.org/concat-map/-/concat-map-0.0.1.tgz",
          "integrity": "sha1-2Klr13/Wjfd5OnMDajug1UBdR3s="
        },
        "debug": {
          "version": "3.1.0",
          "resolved": "https://registry.npmjs.org/debug/-/debug-3.1.0.tgz",
          "integrity": "sha512-OX8XqP7/1a9cqkxYw2yXss15f26NKWBpDXQd0/uK/KPqdQhxbPa994hnzjcE2VqQpDslf55723cKPUOGSmMY3g==",
          "requires": {
            "ms": "2.0.0"
          }
        },
        "deep-eql": {
          "version": "3.0.1",
          "resolved": "https://registry.npmjs.org/deep-eql/-/deep-eql-3.0.1.tgz",
          "integrity": "sha512-+QeIQyN5ZuO+3Uk5DYh6/1eKO0m0YmJFGNmFHGACpf1ClL1nmlV/p4gNgbl2pJGxgXb4faqo6UE+M5ACEMyVcw==",
          "requires": {
            "type-detect": "^4.0.0"
          }
        },
        "deep-equal": {
          "version": "1.0.1",
          "resolved": "https://registry.npmjs.org/deep-equal/-/deep-equal-1.0.1.tgz",
          "integrity": "sha1-9dJgKStmDghO/0zbyfCK0yR0SLU="
        },
        "diff": {
          "version": "3.5.0",
          "resolved": "https://registry.npmjs.org/diff/-/diff-3.5.0.tgz",
          "integrity": "sha512-A46qtFgd+g7pDZinpnwiRJtxbC1hpgf0uzP3iG89scHk0AUC7A1TGxf5OiiOUv/JMZR8GOt8hL900hV0bOy5xA=="
        },
        "escape-string-regexp": {
          "version": "1.0.5",
          "resolved": "https://registry.npmjs.org/escape-string-regexp/-/escape-string-regexp-1.0.5.tgz",
          "integrity": "sha1-G2HAViGQqN/2rjuyzwIAyhMLhtQ="
        },
        "fs.realpath": {
          "version": "1.0.0",
          "resolved": "https://registry.npmjs.org/fs.realpath/-/fs.realpath-1.0.0.tgz",
          "integrity": "sha1-FQStJSMVjKpA20onh8sBQRmU6k8="
        },
        "get-func-name": {
          "version": "2.0.0",
          "resolved": "https://registry.npmjs.org/get-func-name/-/get-func-name-2.0.0.tgz",
          "integrity": "sha1-6td0q+5y4gQJQzoGY2YCPdaIekE="
        },
        "glob": {
          "version": "7.1.2",
          "resolved": "https://registry.npmjs.org/glob/-/glob-7.1.2.tgz",
          "integrity": "sha512-MJTUg1kjuLeQCJ+ccE4Vpa6kKVXkPYJ2mOCQyUuKLcLQsdrMCpBPUi8qVE6+YuaJkozeA9NusTAw3hLr8Xe5EQ==",
          "requires": {
            "fs.realpath": "^1.0.0",
            "inflight": "^1.0.4",
            "inherits": "2",
            "minimatch": "^3.0.4",
            "once": "^1.3.0",
            "path-is-absolute": "^1.0.0"
          }
        },
        "growl": {
          "version": "1.10.3",
          "resolved": "https://registry.npmjs.org/growl/-/growl-1.10.3.tgz",
          "integrity": "sha512-hKlsbA5Vu3xsh1Cg3J7jSmX/WaW6A5oBeqzM88oNbCRQFz+zUaXm6yxS4RVytp1scBoJzSYl4YAEOQIt6O8V1Q=="
        },
        "has-flag": {
          "version": "2.0.0",
          "resolved": "https://registry.npmjs.org/has-flag/-/has-flag-2.0.0.tgz",
          "integrity": "sha1-6CB68cx7MNRGzHC3NLXovhj4jVE="
        },
        "he": {
          "version": "1.1.1",
          "resolved": "https://registry.npmjs.org/he/-/he-1.1.1.tgz",
          "integrity": "sha1-k0EP0hsAlzUVH4howvJx80J+I/0="
        },
        "inflight": {
          "version": "1.0.6",
          "resolved": "https://registry.npmjs.org/inflight/-/inflight-1.0.6.tgz",
          "integrity": "sha1-Sb1jMdfQLQwJvJEKEHW6gWW1bfk=",
          "requires": {
            "once": "^1.3.0",
            "wrappy": "1"
          }
        },
        "inherits": {
          "version": "2.0.3",
          "resolved": "https://registry.npmjs.org/inherits/-/inherits-2.0.3.tgz",
          "integrity": "sha1-Yzwsg+PaQqUC9SRmAiSA9CCCYd4="
        },
        "json-stringify-safe": {
          "version": "5.0.1",
          "resolved": "https://registry.npmjs.org/json-stringify-safe/-/json-stringify-safe-5.0.1.tgz",
          "integrity": "sha1-Epai1Y/UXxmg9s4B1lcB4sc1tus="
        },
        "kareem": {
          "version": "2.3.0",
          "resolved": "https://registry.npmjs.org/kareem/-/kareem-2.3.0.tgz",
          "integrity": "sha512-6hHxsp9e6zQU8nXsP+02HGWXwTkOEw6IROhF2ZA28cYbUk4eJ6QbtZvdqZOdD9YPKghG3apk5eOCvs+tLl3lRg=="
        },
        "lodash": {
          "version": "4.17.15",
          "resolved": "https://registry.npmjs.org/lodash/-/lodash-4.17.15.tgz",
          "integrity": "sha512-8xOcRHvCjnocdS5cpwXQXVzmmh5e5+saE2QGoeQmbKmRS6J3VQppPOIt0MnmE+4xlZoumy0GPG0D0MVIQbNA1A=="
        },
        "make-error": {
          "version": "1.3.4",
          "resolved": "https://registry.npmjs.org/make-error/-/make-error-1.3.4.tgz",
          "integrity": "sha512-0Dab5btKVPhibSalc9QGXb559ED7G7iLjFXBaj9Wq8O3vorueR5K5jaE3hkG6ZQINyhA/JgG6Qk4qdFQjsYV6g=="
        },
        "memory-pager": {
          "version": "1.5.0",
          "resolved": "https://registry.npmjs.org/memory-pager/-/memory-pager-1.5.0.tgz",
          "integrity": "sha512-ZS4Bp4r/Zoeq6+NLJpP+0Zzm0pR8whtGPf1XExKLJBAczGMnSi3It14OiNCStjQjM6NU1okjQGSxgEZN8eBYKg==",
          "optional": true
        },
        "minimatch": {
          "version": "3.0.4",
          "resolved": "https://registry.npmjs.org/minimatch/-/minimatch-3.0.4.tgz",
          "integrity": "sha512-yJHVQEhyqPLUTgt9B83PXu6W3rx4MvvHvSUvToogpwoGDOUQ+yDrR0HRot+yOCdCO7u4hX3pWft6kWBBcqh0UA==",
          "requires": {
            "brace-expansion": "^1.1.7"
          }
        },
        "minimist": {
          "version": "0.0.8",
          "resolved": "https://registry.npmjs.org/minimist/-/minimist-0.0.8.tgz",
          "integrity": "sha1-hX/Kv8M5fSYluCKCYuhqp6ARsF0="
        },
        "mkdirp": {
          "version": "0.5.1",
          "resolved": "https://registry.npmjs.org/mkdirp/-/mkdirp-0.5.1.tgz",
          "integrity": "sha1-MAV0OOrGz3+MR2fzhkjWaX11yQM=",
          "requires": {
            "minimist": "0.0.8"
          }
        },
        "mocha": {
          "version": "5.1.1",
          "resolved": "https://registry.npmjs.org/mocha/-/mocha-5.1.1.tgz",
          "integrity": "sha512-kKKs/H1KrMMQIEsWNxGmb4/BGsmj0dkeyotEvbrAuQ01FcWRLssUNXCEUZk6SZtyJBi6EE7SL0zDDtItw1rGhw==",
          "requires": {
            "browser-stdout": "1.3.1",
            "commander": "2.11.0",
            "debug": "3.1.0",
            "diff": "3.5.0",
            "escape-string-regexp": "1.0.5",
            "glob": "7.1.2",
            "growl": "1.10.3",
            "he": "1.1.1",
            "minimatch": "3.0.4",
            "mkdirp": "0.5.1",
            "supports-color": "4.4.0"
          }
        },
        "mongodb": {
          "version": "3.1.13",
          "resolved": "https://registry.npmjs.org/mongodb/-/mongodb-3.1.13.tgz",
          "integrity": "sha512-sz2dhvBZQWf3LRNDhbd30KHVzdjZx9IKC0L+kSZ/gzYquCF5zPOgGqRz6sSCqYZtKP2ekB4nfLxhGtzGHnIKxA==",
          "requires": {
            "mongodb-core": "3.1.11",
            "safe-buffer": "^5.1.2"
          }
        },
        "mongodb-core": {
          "version": "3.1.11",
          "resolved": "https://registry.npmjs.org/mongodb-core/-/mongodb-core-3.1.11.tgz",
          "integrity": "sha512-rD2US2s5qk/ckbiiGFHeu+yKYDXdJ1G87F6CG3YdaZpzdOm5zpoAZd/EKbPmFO6cQZ+XVXBXBJ660sSI0gc6qg==",
          "requires": {
            "bson": "^1.1.0",
            "require_optional": "^1.0.1",
            "safe-buffer": "^5.1.2",
            "saslprep": "^1.0.0"
          }
        },
        "mongoose": {
          "version": "5.6.8",
          "resolved": "https://registry.npmjs.org/mongoose/-/mongoose-5.6.8.tgz",
          "integrity": "sha512-BhgGU/KvnVX8WbamcWgtG/45rp+xZnaF9MhNbzESIIYxK7g5QurXYcaGGCm/JFiIdIxkVUgBycWG7UzRUEzvDg==",
          "requires": {
            "async": "2.6.2",
            "bson": "~1.1.1",
            "kareem": "2.3.0",
            "mongodb": "3.2.7",
            "mongodb-core": "3.2.7",
            "mongoose-legacy-pluralize": "1.0.2",
            "mpath": "0.6.0",
            "mquery": "3.2.1",
            "ms": "2.1.2",
            "regexp-clone": "1.0.0",
            "safe-buffer": "5.1.2",
            "sift": "7.0.1",
            "sliced": "1.0.1"
          },
          "dependencies": {
            "mongodb": {
              "version": "3.2.7",
              "resolved": "https://registry.npmjs.org/mongodb/-/mongodb-3.2.7.tgz",
              "integrity": "sha512-2YdWrdf1PJgxcCrT1tWoL6nHuk6hCxhddAAaEh8QJL231ci4+P9FLyqopbTm2Z2sAU6mhCri+wd9r1hOcHdoMw==",
              "requires": {
                "mongodb-core": "3.2.7",
                "safe-buffer": "^5.1.2"
              }
            },
            "mongodb-core": {
              "version": "3.2.7",
              "resolved": "https://registry.npmjs.org/mongodb-core/-/mongodb-core-3.2.7.tgz",
              "integrity": "sha512-WypKdLxFNPOH/Jy6i9z47IjG2wIldA54iDZBmHMINcgKOUcWJh8og+Wix76oGd7EyYkHJKssQ2FAOw5Su/n4XQ==",
              "requires": {
                "bson": "^1.1.1",
                "require_optional": "^1.0.1",
                "safe-buffer": "^5.1.2",
                "saslprep": "^1.0.0"
              }
            },
            "ms": {
              "version": "2.1.2",
              "resolved": "https://registry.npmjs.org/ms/-/ms-2.1.2.tgz",
              "integrity": "sha512-sGkPx+VjMtmA6MX27oA4FBFELFCZZ4S4XqeGOXCv68tT+jb3vk/RyaKWP0PTKyWtmLSM0b+adUTEvbs1PEaH2w=="
            },
            "safe-buffer": {
              "version": "5.1.2",
              "resolved": "https://registry.npmjs.org/safe-buffer/-/safe-buffer-5.1.2.tgz",
              "integrity": "sha512-Gd2UZBJDkXlY7GbJxfsE8/nvKkUEU1G38c1siN6QP6a9PT9MmHB8GnpscSmMJSoF8LOIrt8ud/wPtojys4G6+g=="
            }
          }
        },
        "mongoose-legacy-pluralize": {
          "version": "1.0.2",
          "resolved": "https://registry.npmjs.org/mongoose-legacy-pluralize/-/mongoose-legacy-pluralize-1.0.2.tgz",
          "integrity": "sha512-Yo/7qQU4/EyIS8YDFSeenIvXxZN+ld7YdV9LqFVQJzTLye8unujAWPZ4NWKfFA+RNjh+wvTWKY9Z3E5XM6ZZiQ=="
        },
        "mpath": {
          "version": "0.6.0",
          "resolved": "https://registry.npmjs.org/mpath/-/mpath-0.6.0.tgz",
          "integrity": "sha512-i75qh79MJ5Xo/sbhxrDrPSEG0H/mr1kcZXJ8dH6URU5jD/knFxCVqVC/gVSW7GIXL/9hHWlT9haLbCXWOll3qw=="
        },
        "mquery": {
          "version": "3.2.1",
          "resolved": "https://registry.npmjs.org/mquery/-/mquery-3.2.1.tgz",
          "integrity": "sha512-kY/K8QToZWTTocm0U+r8rqcJCp5PRl6e8tPmoDs5OeSO3DInZE2rAL6AYH+V406JTo8305LdASOQcxRDqHojyw==",
          "requires": {
            "bluebird": "3.5.1",
            "debug": "3.1.0",
            "regexp-clone": "^1.0.0",
            "safe-buffer": "5.1.2",
            "sliced": "1.0.1"
          },
          "dependencies": {
            "safe-buffer": {
              "version": "5.1.2",
              "resolved": "https://registry.npmjs.org/safe-buffer/-/safe-buffer-5.1.2.tgz",
              "integrity": "sha512-Gd2UZBJDkXlY7GbJxfsE8/nvKkUEU1G38c1siN6QP6a9PT9MmHB8GnpscSmMJSoF8LOIrt8ud/wPtojys4G6+g=="
            }
          }
        },
        "ms": {
          "version": "2.0.0",
          "resolved": "https://registry.npmjs.org/ms/-/ms-2.0.0.tgz",
          "integrity": "sha1-VgiurfwAvmwpAd9fmGF4jeDVl8g="
        },
        "nock": {
          "version": "9.2.5",
          "resolved": "https://registry.npmjs.org/nock/-/nock-9.2.5.tgz",
          "integrity": "sha512-ciCpyEq72Ws6/yhdayDfd0mAb3eQ7/533xKmFlBQZ5CDwrL0/bddtSicfL7R07oyvPAuegQrR+9ctrlPEp0EjQ==",
          "requires": {
            "chai": "^4.1.2",
            "debug": "^3.1.0",
            "deep-equal": "^1.0.0",
            "json-stringify-safe": "^5.0.1",
            "lodash": "^4.17.5",
            "mkdirp": "^0.5.0",
            "propagate": "^1.0.0",
            "qs": "^6.5.1",
            "semver": "^5.5.0"
          }
        },
        "node-fetch": {
          "version": "2.6.0",
          "resolved": "https://registry.npmjs.org/node-fetch/-/node-fetch-2.6.0.tgz",
          "integrity": "sha512-8dG4H5ujfvFiqDmVu9fQ5bOHUC15JMjMY/Zumv26oOvvVJjM67KF8koCWIabKQ1GJIa9r2mMZscBq/TbdOcmNA=="
        },
        "once": {
          "version": "1.4.0",
          "resolved": "https://registry.npmjs.org/once/-/once-1.4.0.tgz",
          "integrity": "sha1-WDsap3WWHUsROsF9nFC6753Xa9E=",
          "requires": {
            "wrappy": "1"
          }
        },
        "path-is-absolute": {
          "version": "1.0.1",
          "resolved": "https://registry.npmjs.org/path-is-absolute/-/path-is-absolute-1.0.1.tgz",
          "integrity": "sha1-F0uSaHNVNP+8es5r9TpanhtcX18="
        },
        "pathval": {
          "version": "1.1.0",
          "resolved": "https://registry.npmjs.org/pathval/-/pathval-1.1.0.tgz",
          "integrity": "sha1-uULm1L3mUwBe9rcTYd74cn0GReA="
        },
        "propagate": {
          "version": "1.0.0",
          "resolved": "https://registry.npmjs.org/propagate/-/propagate-1.0.0.tgz",
          "integrity": "sha1-AMLa7t2iDofjeCs0Stuhzd1q1wk="
        },
        "qs": {
          "version": "6.5.1",
          "resolved": "https://registry.npmjs.org/qs/-/qs-6.5.1.tgz",
          "integrity": "sha512-eRzhrN1WSINYCDCbrz796z37LOe3m5tmW7RQf6oBntukAG1nmovJvhnwHHRMAfeoItc1m2Hk02WER2aQ/iqs+A=="
        },
        "regexp-clone": {
          "version": "1.0.0",
          "resolved": "https://registry.npmjs.org/regexp-clone/-/regexp-clone-1.0.0.tgz",
          "integrity": "sha512-TuAasHQNamyyJ2hb97IuBEif4qBHGjPHBS64sZwytpLEqtBQ1gPJTnOaQ6qmpET16cK14kkjbazl6+p0RRv0yw=="
        },
        "require_optional": {
          "version": "1.0.1",
          "resolved": "https://registry.npmjs.org/require_optional/-/require_optional-1.0.1.tgz",
          "integrity": "sha512-qhM/y57enGWHAe3v/NcwML6a3/vfESLe/sGM2dII+gEO0BpKRUkWZow/tyloNqJyN6kXSl3RyyM8Ll5D/sJP8g==",
          "requires": {
            "resolve-from": "^2.0.0",
            "semver": "^5.1.0"
          }
        },
        "resolve-from": {
          "version": "2.0.0",
          "resolved": "https://registry.npmjs.org/resolve-from/-/resolve-from-2.0.0.tgz",
          "integrity": "sha1-lICrIOlP+h2egKgEx+oUdhGWa1c="
        },
        "safe-buffer": {
          "version": "5.2.0",
          "resolved": "https://registry.npmjs.org/safe-buffer/-/safe-buffer-5.2.0.tgz",
          "integrity": "sha512-fZEwUGbVl7kouZs1jCdMLdt95hdIv0ZeHg6L7qPeciMZhZ+/gdesW4wgTARkrFWEpspjEATAzUGPG8N2jJiwbg=="
        },
        "saslprep": {
          "version": "1.0.3",
          "resolved": "https://registry.npmjs.org/saslprep/-/saslprep-1.0.3.tgz",
          "integrity": "sha512-/MY/PEMbk2SuY5sScONwhUDsV2p77Znkb/q3nSVstq/yQzYJOH/Azh29p9oJLsl3LnQwSvZDKagDGBsBwSooag==",
          "optional": true,
          "requires": {
            "sparse-bitfield": "^3.0.3"
          }
        },
        "semver": {
          "version": "5.5.0",
          "resolved": "https://registry.npmjs.org/semver/-/semver-5.5.0.tgz",
          "integrity": "sha512-4SJ3dm0WAwWy/NVeioZh5AntkdJoWKxHxcmyP622fOkgHa4z3R0TdBJICINyaSDE6uNwVc8gZr+ZinwZAH4xIA=="
        },
        "sift": {
          "version": "7.0.1",
          "resolved": "https://registry.npmjs.org/sift/-/sift-7.0.1.tgz",
          "integrity": "sha512-oqD7PMJ+uO6jV9EQCl0LrRw1OwsiPsiFQR5AR30heR+4Dl7jBBbDLnNvWiak20tzZlSE1H7RB30SX/1j/YYT7g=="
        },
        "sliced": {
          "version": "1.0.1",
          "resolved": "https://registry.npmjs.org/sliced/-/sliced-1.0.1.tgz",
          "integrity": "sha1-CzpmK10Ewxd7GSa+qCsD+Dei70E="
        },
        "source-map": {
          "version": "0.6.1",
          "resolved": "https://registry.npmjs.org/source-map/-/source-map-0.6.1.tgz",
          "integrity": "sha512-UjgapumWlbMhkBgzT7Ykc5YXUT46F0iKu8SGXq0bcwP5dz/h0Plj6enJqjz1Zbq2l5WaqYnrVbwWOWMyF3F47g=="
        },
        "source-map-support": {
          "version": "0.5.4",
          "resolved": "https://registry.npmjs.org/source-map-support/-/source-map-support-0.5.4.tgz",
          "integrity": "sha512-PETSPG6BjY1AHs2t64vS2aqAgu6dMIMXJULWFBGbh2Gr8nVLbCFDo6i/RMMvviIQ2h1Z8+5gQhVKSn2je9nmdg==",
          "requires": {
            "source-map": "^0.6.0"
          }
        },
        "sparse-bitfield": {
          "version": "3.0.3",
          "resolved": "https://registry.npmjs.org/sparse-bitfield/-/sparse-bitfield-3.0.3.tgz",
          "integrity": "sha1-/0rm5oZWBWuks+eSqzM004JzyhE=",
          "optional": true,
          "requires": {
            "memory-pager": "^1.0.2"
          }
        },
        "supports-color": {
          "version": "4.4.0",
          "resolved": "https://registry.npmjs.org/supports-color/-/supports-color-4.4.0.tgz",
          "integrity": "sha512-rKC3+DyXWgK0ZLKwmRsrkyHVZAjNkfzeehuFWdGGcqGDTZFH73+RH6S/RDAAxl9GusSjZSUWYLmT9N5pzXFOXQ==",
          "requires": {
            "has-flag": "^2.0.0"
          }
        },
        "ts-node": {
          "version": "6.0.0",
          "resolved": "https://registry.npmjs.org/ts-node/-/ts-node-6.0.0.tgz",
          "integrity": "sha512-+CQev+4J7BAUNUnW9piRzSfSZZWeFCjgUjMSgGs4+dJ2RZa86NVW9MOlP4e6/kEHTyOqdxHxcIMd7KgmY/ynVw==",
          "requires": {
            "arrify": "^1.0.0",
            "chalk": "^2.3.0",
            "diff": "^3.1.0",
            "make-error": "^1.1.1",
            "minimist": "^1.2.0",
            "mkdirp": "^0.5.1",
            "source-map-support": "^0.5.3",
            "yn": "^2.0.0"
          },
          "dependencies": {
            "minimist": {
              "version": "1.2.0",
              "resolved": "https://registry.npmjs.org/minimist/-/minimist-1.2.0.tgz",
              "integrity": "sha1-o1AIsg9BOD7sH7kU9M1d95omQoQ="
            }
          }
        },
        "type-detect": {
          "version": "4.0.8",
          "resolved": "https://registry.npmjs.org/type-detect/-/type-detect-4.0.8.tgz",
          "integrity": "sha512-0fr/mIH1dlO+x7TlcMy+bIDqKPsw/70tVyeHW787goQjhmqaZe10uwLujubK9q9Lg6Fiho1KUKDYz0Z7k7g5/g=="
        },
        "typescript": {
          "version": "2.8.3",
          "resolved": "https://registry.npmjs.org/typescript/-/typescript-2.8.3.tgz",
          "integrity": "sha512-K7g15Bb6Ra4lKf7Iq2l/I5/En+hLIHmxWZGq3D4DIRNFxMNV6j2SHSvDOqs2tGd4UvD/fJvrwopzQXjLrT7Itw=="
        },
        "wrappy": {
          "version": "1.0.2",
          "resolved": "https://registry.npmjs.org/wrappy/-/wrappy-1.0.2.tgz",
          "integrity": "sha1-tSQ9jz7BqjXxNkYFvA0QNuMKtp8="
        },
        "yn": {
          "version": "2.0.0",
          "resolved": "https://registry.npmjs.org/yn/-/yn-2.0.0.tgz",
          "integrity": "sha1-5a2ryKz0CPY4X8dklWhMiOavaJo="
        }
      }
    },
    "mongodb": {
      "version": "3.3.2",
      "resolved": "https://registry.npmjs.org/mongodb/-/mongodb-3.3.2.tgz",
      "integrity": "sha512-fqJt3iywelk4yKu/lfwQg163Bjpo5zDKhXiohycvon4iQHbrfflSAz9AIlRE6496Pm/dQKQK5bMigdVo2s6gBg==",
      "requires": {
        "bson": "^1.1.1",
        "require_optional": "^1.0.1",
        "safe-buffer": "^5.1.2"
      }
    },
    "node-fetch": {
      "version": "2.6.0",
      "resolved": "https://registry.npmjs.org/node-fetch/-/node-fetch-2.6.0.tgz",
      "integrity": "sha512-8dG4H5ujfvFiqDmVu9fQ5bOHUC15JMjMY/Zumv26oOvvVJjM67KF8koCWIabKQ1GJIa9r2mMZscBq/TbdOcmNA=="
    },
    "require_optional": {
      "version": "1.0.1",
      "resolved": "https://registry.npmjs.org/require_optional/-/require_optional-1.0.1.tgz",
      "integrity": "sha512-qhM/y57enGWHAe3v/NcwML6a3/vfESLe/sGM2dII+gEO0BpKRUkWZow/tyloNqJyN6kXSl3RyyM8Ll5D/sJP8g==",
      "requires": {
        "resolve-from": "^2.0.0",
        "semver": "^5.1.0"
      }
    },
    "resolve-from": {
      "version": "2.0.0",
      "resolved": "https://registry.npmjs.org/resolve-from/-/resolve-from-2.0.0.tgz",
      "integrity": "sha1-lICrIOlP+h2egKgEx+oUdhGWa1c="
    },
    "safe-buffer": {
      "version": "5.2.0",
      "resolved": "https://registry.npmjs.org/safe-buffer/-/safe-buffer-5.2.0.tgz",
      "integrity": "sha512-fZEwUGbVl7kouZs1jCdMLdt95hdIv0ZeHg6L7qPeciMZhZ+/gdesW4wgTARkrFWEpspjEATAzUGPG8N2jJiwbg=="
    },
    "semver": {
      "version": "5.7.1",
      "resolved": "https://registry.npmjs.org/semver/-/semver-5.7.1.tgz",
      "integrity": "sha512-sauaDf/PZdVgrLTNYHRtpXa1iRiKcaebiKQ1BJdpQlWH2lCvexQdX55snPFyK7QzpudqbCI0qXFfOasHdyNDGQ=="
    }
  }
}
